// !$*UTF8*$!
{
	archiveVersion = 1;
	classes = {
	};
	objectVersion = 48;
	objects = {

/* Begin PBXBuildFile section */
		E868E86020F32C7500CCFEC2 /* AppDelegate.m in Sources */ = {isa = PBXBuildFile; fileRef = E868E85F20F32C7500CCFEC2 /* AppDelegate.m */; };
		E868E86320F32C7500CCFEC2 /* ViewController.m in Sources */ = {isa = PBXBuildFile; fileRef = E868E86220F32C7500CCFEC2 /* ViewController.m */; };
		E868E86620F32C7500CCFEC2 /* Main.storyboard in Resources */ = {isa = PBXBuildFile; fileRef = E868E86420F32C7500CCFEC2 /* Main.storyboard */; };
		E868E86820F32C7500CCFEC2 /* Assets.xcassets in Resources */ = {isa = PBXBuildFile; fileRef = E868E86720F32C7500CCFEC2 /* Assets.xcassets */; };
		E868E86B20F32C7500CCFEC2 /* LaunchScreen.storyboard in Resources */ = {isa = PBXBuildFile; fileRef = E868E86920F32C7500CCFEC2 /* LaunchScreen.storyboard */; };
		E868E86E20F32C7500CCFEC2 /* main.m in Sources */ = {isa = PBXBuildFile; fileRef = E868E86D20F32C7500CCFEC2 /* main.m */; };
/* End PBXBuildFile section */

/* Begin PBXFileReference section */
		E868E85B20F32C7500CCFEC2 /* PredictAndWin.app */ = {isa = PBXFileReference; explicitFileType = wrapper.application; includeInIndex = 0; path = PredictAndWin.app; sourceTree = BUILT_PRODUCTS_DIR; };
		E868E85E20F32C7500CCFEC2 /* AppDelegate.h */ = {isa = PBXFileReference; lastKnownFileType = sourcecode.c.h; path = AppDelegate.h; sourceTree = "<group>"; };
		E868E85F20F32C7500CCFEC2 /* AppDelegate.m */ = {isa = PBXFileReference; lastKnownFileType = sourcecode.c.objc; path = AppDelegate.m; sourceTree = "<group>"; };
		E868E86120F32C7500CCFEC2 /* ViewController.h */ = {isa = PBXFileReference; lastKnownFileType = sourcecode.c.h; path = ViewController.h; sourceTree = "<group>"; };
		E868E86220F32C7500CCFEC2 /* ViewController.m */ = {isa = PBXFileReference; lastKnownFileType = sourcecode.c.objc; path = ViewController.m; sourceTree = "<group>"; };
		E868E86520F32C7500CCFEC2 /* Base */ = {isa = PBXFileReference; lastKnownFileType = file.storyboard; name = Base; path = Base.lproj/Main.storyboard; sourceTree = "<group>"; };
		E868E86720F32C7500CCFEC2 /* Assets.xcassets */ = {isa = PBXFileReference; lastKnownFileType = folder.assetcatalog; path = Assets.xcassets; sourceTree = "<group>"; };
		E868E86A20F32C7500CCFEC2 /* Base */ = {isa = PBXFileReference; lastKnownFileType = file.storyboard; name = Base; path = Base.lproj/LaunchScreen.storyboard; sourceTree = "<group>"; };
		E868E86C20F32C7500CCFEC2 /* Info.plist */ = {isa = PBXFileReference; lastKnownFileType = text.plist.xml; path = Info.plist; sourceTree = "<group>"; };
		E868E86D20F32C7500CCFEC2 /* main.m */ = {isa = PBXFileReference; lastKnownFileType = sourcecode.c.objc; path = main.m; sourceTree = "<group>"; };
/* End PBXFileReference section */

/* Begin PBXFrameworksBuildPhase section */
		E868E85820F32C7500CCFEC2 /* Frameworks */ = {
			isa = PBXFrameworksBuildPhase;
			buildActionMask = 2147483647;
			files = (
			);
			runOnlyForDeploymentPostprocessing = 0;
		};
/* End PBXFrameworksBuildPhase section */

/* Begin PBXGroup section */
		E868E85220F32C7500CCFEC2 = {
			isa = PBXGroup;
			children = (
				E868E85D20F32C7500CCFEC2 /* PredictAndWin */,
				E868E85C20F32C7500CCFEC2 /* Products */,
			);
			sourceTree = "<group>";
		};
		E868E85C20F32C7500CCFEC2 /* Products */ = {
			isa = PBXGroup;
			children = (
				E868E85B20F32C7500CCFEC2 /* PredictAndWin.app */,
			);
			name = Products;
			sourceTree = "<group>";
		};
		E868E85D20F32C7500CCFEC2 /* PredictAndWin */ = {
			isa = PBXGroup;
			children = (
				E868E85E20F32C7500CCFEC2 /* AppDelegate.h */,
				E868E85F20F32C7500CCFEC2 /* AppDelegate.m */,
				E868E86120F32C7500CCFEC2 /* ViewController.h */,
				E868E86220F32C7500CCFEC2 /* ViewController.m */,
				E868E86420F32C7500CCFEC2 /* Main.storyboard */,
				E868E86720F32C7500CCFEC2 /* Assets.xcassets */,
				E868E86920F32C7500CCFEC2 /* LaunchScreen.storyboard */,
				E868E86C20F32C7500CCFEC2 /* Info.plist */,
				E868E86D20F32C7500CCFEC2 /* main.m */,
			);
			path = PredictAndWin;
			sourceTree = "<group>";
		};
/* End PBXGroup section */

/* Begin PBXNativeTarget section */
		E868E85A20F32C7500CCFEC2 /* PredictAndWin */ = {
			isa = PBXNativeTarget;
			buildConfigurationList = E868E87120F32C7500CCFEC2 /* Build configuration list for PBXNativeTarget "PredictAndWin" */;
			buildPhases = (
				E868E85720F32C7500CCFEC2 /* Sources */,
				E868E85820F32C7500CCFEC2 /* Frameworks */,
				E868E85920F32C7500CCFEC2 /* Resources */,
			);
			buildRules = (
			);
			dependencies = (
			);
			name = PredictAndWin;
			productName = PredictAndWin;
			productReference = E868E85B20F32C7500CCFEC2 /* PredictAndWin.app */;
			productType = "com.apple.product-type.application";
		};
/* End PBXNativeTarget section */

/* Begin PBXProject section */
		E868E85320F32C7500CCFEC2 /* Project object */ = {
			isa = PBXProject;
			attributes = {
				LastUpgradeCheck = 0900;
				ORGANIZATIONNAME = "Osama Rabie";
				TargetAttributes = {
					E868E85A20F32C7500CCFEC2 = {
						CreatedOnToolsVersion = 9.0.1;
						ProvisioningStyle = Automatic;
					};
				};
			};
			buildConfigurationList = E868E85620F32C7500CCFEC2 /* Build configuration list for PBXProject "PredictAndWin" */;
			compatibilityVersion = "Xcode 8.0";
			developmentRegion = en;
			hasScannedForEncodings = 0;
			knownRegions = (
				en,
				Base,
			);
			mainGroup = E868E85220F32C7500CCFEC2;
			productRefGroup = E868E85C20F32C7500CCFEC2 /* Products */;
			projectDirPath = "";
			projectRoot = "";
			targets = (
				E868E85A20F32C7500CCFEC2 /* PredictAndWin */,
			);
		};
/* End PBXProject section */

/* Begin PBXResourcesBuildPhase section */
		E868E85920F32C7500CCFEC2 /* Resources */ = {
			isa = PBXResourcesBuildPhase;
			buildActionMask = 2147483647;
			files = (
				E868E86B20F32C7500CCFEC2 /* LaunchScreen.storyboard in Resources */,
				E868E86820F32C7500CCFEC2 /* Assets.xcassets in Resources */,
				E868E86620F32C7500CCFEC2 /* Main.storyboard in Resources */,
			);
			runOnlyForDeploymentPostprocessing = 0;
		};
/* End PBXResourcesBuildPhase section */

/* Begin PBXSourcesBuildPhase section */
		E868E85720F32C7500CCFEC2 /* Sources */ = {
			isa = PBXSourcesBuildPhase;
			buildActionMask = 2147483647;
			files = (
				E868E86320F32C7500CCFEC2 /* ViewController.m in Sources */,
				E868E86E20F32C7500CCFEC2 /* main.m in Sources */,
				E868E86020F32C7500CCFEC2 /* AppDelegate.m in Sources */,
			);
			runOnlyForDeploymentPostprocessing = 0;
		};
/* End PBXSourcesBuildPhase section */

/* Begin PBXVariantGroup section */
		E868E86420F32C7500CCFEC2 /* Main.storyboard */ = {
			isa = PBXVariantGroup;
			children = (
				E868E86520F32C7500CCFEC2 /* Base */,
			);
			name = Main.storyboard;
			sourceTree = "<group>";
		};
		E868E86920F32C7500CCFEC2 /* LaunchScreen.storyboard */ = {
			isa = PBXVariantGroup;
			children = (
				E868E86A20F32C7500CCFEC2 /* Base */,
			);
			name = LaunchScreen.storyboard;
			sourceTree = "<group>";
		};
/* End PBXVariantGroup section */

/* Begin XCBuildConfiguration section */
		E868E86F20F32C7500CCFEC2 /* Debug */ = {
			isa = XCBuildConfiguration;
			buildSettings = {
				ALWAYS_SEARCH_USER_PATHS = NO;
				CLANG_ANALYZER_NONNULL = YES;
				CLANG_ANALYZER_NUMBER_OBJECT_CONVERSION = YES_AGGRESSIVE;
				CLANG_CXX_LANGUAGE_STANDARD = "gnu++14";
				CLANG_CXX_LIBRARY = "libc++";
				CLANG_ENABLE_MODULES = YES;
				CLANG_ENABLE_OBJC_ARC = YES;
				CLANG_WARN_BLOCK_CAPTURE_AUTORELEASING = YES;
				CLANG_WARN_BOOL_CONVERSION = YES;
				CLANG_WARN_COMMA = YES;
				CLANG_WARN_CONSTANT_CONVERSION = YES;
				CLANG_WARN_DIRECT_OBJC_ISA_USAGE = YES_ERROR;
				CLANG_WARN_DOCUMENTATION_COMMENTS = YES;
				CLANG_WARN_EMPTY_BODY = YES;
				CLANG_WARN_ENUM_CONVERSION = YES;
				CLANG_WARN_INFINITE_RECURSION = YES;
				CLANG_WARN_INT_CONVERSION = YES;
				CLANG_WARN_NON_LITERAL_NULL_CONVERSION = YES;
				CLANG_WARN_OBJC_LITERAL_CONVERSION = YES;
				CLANG_WARN_OBJC_ROOT_CLASS = YES_ERROR;
				CLANG_WARN_RANGE_LOOP_ANALYSIS = YES;
				CLANG_WARN_STRICT_PROTOTYPES = YES;
				CLANG_WARN_SUSPICIOUS_MOVE = YES;
				CLANG_WARN_UNGUARDED_AVAILABILITY = YES_AGGRESSIVE;
				CLANG_WARN_UNREACHABLE_CODE = YES;
				CLANG_WARN__DUPLICATE_METHOD_MATCH = YES;
				CODE_SIGN_IDENTITY = "iPhone Developer";
				COPY_PHASE_STRIP = NO;
				DEBUG_INFORMATION_FORMAT = dwarf;
				ENABLE_STRICT_OBJC_MSGSEND = YES;
				ENABLE_TESTABILITY = YES;
				GCC_C_LANGUAGE_STANDARD = gnu11;
				GCC_DYNAMIC_NO_PIC = NO;
				GCC_NO_COMMON_BLOCKS = YES;
				GCC_OPTIMIZATION_LEVEL = 0;
				GCC_PREPROCESSOR_DEFINITIONS = (
					"DEBUG=1",
					"$(inherited)",
				);
				GCC_WARN_64_TO_32_BIT_CONVERSION = YES;
				GCC_WARN_ABOUT_RETURN_TYPE = YES_ERROR;
				GCC_WARN_UNDECLARED_SELECTOR = YES;
				GCC_WARN_UNINITIALIZED_AUTOS = YES_AGGRESSIVE;
				GCC_WARN_UNUSED_FUNCTION = YES;
				GCC_WARN_UNUSED_VARIABLE = YES;
				IPHONEOS_DEPLOYMENT_TARGET = 11.0;
				MTL_ENABLE_DEBUG_INFO = YES;
				ONLY_ACTIVE_ARCH = YES;
				SDKROOT = iphoneos;
			};
			name = Debug;
		};
		E868E87020F32C7500CCFEC2 /* Release */ = {
			isa = XCBuildConfiguration;
			buildSettings = {
				ALWAYS_SEARCH_USER_PATHS = NO;
				CLANG_ANALYZER_NONNULL = YES;
				CLANG_ANALYZER_NUMBER_OBJECT_CONVERSION = YES_AGGRESSIVE;
				CLANG_CXX_LANGUAGE_STANDARD = "gnu++14";
				CLANG_CXX_LIBRARY = "libc++";
				CLANG_ENABLE_MODULES = YES;
				CLANG_ENABLE_OBJC_ARC = YES;
				CLANG_WARN_BLOCK_CAPTURE_AUTORELEASING = YES;
				CLANG_WARN_BOOL_CONVERSION = YES;
				CLANG_WARN_COMMA = YES;
				CLANG_WARN_CONSTANT_CONVERSION = YES;
				CLANG_WARN_DIRECT_OBJC_ISA_USAGE = YES_ERROR;
				CLANG_WARN_DOCUMENTATION_COMMENTS = YES;
				CLANG_WARN_EMPTY_BODY = YES;
				CLANG_WARN_ENUM_CONVERSION = YES;
				CLANG_WARN_INFINITE_RECURSION = YES;
				CLANG_WARN_INT_CONVERSION = YES;
				CLANG_WARN_NON_LITERAL_NULL_CONVERSION = YES;
				CLANG_WARN_OBJC_LITERAL_CONVERSION = YES;
				CLANG_WARN_OBJC_ROOT_CLASS = YES_ERROR;
				CLANG_WARN_RANGE_LOOP_ANALYSIS = YES;
				CLANG_WARN_STRICT_PROTOTYPES = YES;
				CLANG_WARN_SUSPICIOUS_MOVE = YES;
				CLANG_WARN_UNGUARDED_AVAILABILITY = YES_AGGRESSIVE;
				CLANG_WARN_UNREACHABLE_CODE = YES;
				CLANG_WARN__DUPLICATE_METHOD_MATCH = YES;
				CODE_SIGN_IDENTITY = "iPhone Developer";
				COPY_PHASE_STRIP = NO;
				DEBUG_INFORMATION_FORMAT = "dwarf-with-dsym";
				ENABLE_NS_ASSERTIONS = NO;
				ENABLE_STRICT_OBJC_MSGSEND = YES;
				GCC_C_LANGUAGE_STANDARD = gnu11;
				GCC_NO_COMMON_BLOCKS = YES;
				GCC_WARN_64_TO_32_BIT_CONVERSION = YES;
				GCC_WARN_ABOUT_RETURN_TYPE = YES_ERROR;
				GCC_WARN_UNDECLARED_SELECTOR = YES;
				GCC_WARN_UNINITIALIZED_AUTOS = YES_AGGRESSIVE;
				GCC_WARN_UNUSED_FUNCTION = YES;
				GCC_WARN_UNUSED_VARIABLE = YES;
				IPHONEOS_DEPLOYMENT_TARGET = 11.0;
				MTL_ENABLE_DEBUG_INFO = NO;
				SDKROOT = iphoneos;
				VALIDATE_PRODUCT = YES;
			};
			name = Release;
		};
		E868E87220F32C7500CCFEC2 /* Debug */ = {
			isa = XCBuildConfiguration;
			buildSettings = {
				ASSETCATALOG_COMPILER_APPICON_NAME = AppIcon;
				CODE_SIGN_STYLE = Automatic;
				INFOPLIST_FILE = PredictAndWin/Info.plist;
				LD_RUNPATH_SEARCH_PATHS = "$(inherited) @executable_path/Frameworks";
				PRODUCT_BUNDLE_IDENTIFIER = arabdevs.PredictAndWin;
				PRODUCT_NAME = "$(TARGET_NAME)";
				TARGETED_DEVICE_FAMILY = "1,2";
			};
			name = Debug;
		};
		E868E87320F32C7500CCFEC2 /* Release */ = {
			isa = XCBuildConfiguration;
			buildSettings = {
				ASSETCATALOG_COMPILER_APPICON_NAME = AppIcon;
				CODE_SIGN_STYLE = Automatic;
				INFOPLIST_FILE = PredictAndWin/Info.plist;
				LD_RUNPATH_SEARCH_PATHS = "$(inherited) @executable_path/Frameworks";
				PRODUCT_BUNDLE_IDENTIFIER = arabdevs.PredictAndWin;
				PRODUCT_NAME = "$(TARGET_NAME)";
				TARGETED_DEVICE_FAMILY = "1,2";
			};
			name = Release;
		};
/* End XCBuildConfiguration section */

/* Begin XCConfigurationList section */
		E868E85620F32C7500CCFEC2 /* Build configuration list for PBXProject "PredictAndWin" */ = {
			isa = XCConfigurationList;
			buildConfigurations = (
				E868E86F20F32C7500CCFEC2 /* Debug */,
				E868E87020F32C7500CCFEC2 /* Release */,
			);
			defaultConfigurationIsVisible = 0;
			defaultConfigurationName = Release;
		};
		E868E87120F32C7500CCFEC2 /* Build configuration list for PBXNativeTarget "PredictAndWin" */ = {
			isa = XCConfigurationList;
			buildConfigurations = (
				E868E87220F32C7500CCFEC2 /* Debug */,
				E868E87320F32C7500CCFEC2 /* Release */,
			);
			defaultConfigurationIsVisible = 0;
			defaultConfigurationName = Release;
		};
/* End XCConfigurationList section */
	};
	rootObject = E868E85320F32C7500CCFEC2 /* Project object */;
}
